
Microsoft Visual Studio Solution File, Format Version 12.00
# Visual Studio Version 16
VisualStudioVersion = 16.0.31424.327
MinimumVisualStudioVersion = 10.0.40219.1
Project("{FAE04EC0-301F-11D3-BF4B-00C04F79EFBC}") = "LanchesMac", "LanchesMac\LanchesMac.csproj", "{40C3321B-6BF5-4D15-BFDB-ADCDD9B2BE6B}"
EndProject
Global
	GlobalSection(SolutionConfigurationPlatforms) = preSolution
		Debug|Any CPU = Debug|Any CPU
		Release|Any CPU = Release|Any CPU
	EndGlobalSection
	GlobalSection(ProjectConfigurationPlatforms) = postSolution
		{40C3321B-6BF5-4D15-BFDB-ADCDD9B2BE6B}.Debug|Any CPU.ActiveCfg = Debug|Any CPU
		{40C3321B-6BF5-4D15-BFDB-ADCDD9B2BE6B}.Debug|Any CPU.Build.0 = Debug|Any CPU
		{40C3321B-6BF5-4D15-BFDB-ADCDD9B2BE6B}.Release|Any CPU.ActiveCfg = Release|Any CPU
		{40C3321B-6BF5-4D15-BFDB-ADCDD9B2BE6B}.Release|Any CPU.Build.0 = Release|Any CPU
	EndGlobalSection
	GlobalSection(SolutionProperties) = preSolution
		HideSolutionNode = FALSE
	EndGlobalSection
	GlobalSection(ExtensibilityGlobals) = postSolution
		SolutionGuid = {75A162A8-3239-4C77-8186-7421C0771DC6}
	EndGlobalSection
EndGlobal
